
Microsoft Visual Studio Solution File, Format Version 12.00
# Visual Studio Version 17
VisualStudioVersion = 17.6.33801.468
MinimumVisualStudioVersion = 10.0.40219.1
Project("{FAE04EC0-301F-11D3-BF4B-00C04F79EFBC}") = "VenditaProdotti", "VenditaProdotti\VenditaProdotti.csproj", "{BEEE8254-2F13-4AB5-801C-A219A6DD7230}"
EndProject
Global
	GlobalSection(SolutionConfigurationPlatforms) = preSolution
		Debug|Any CPU = Debug|Any CPU
		Release|Any CPU = Release|Any CPU
	EndGlobalSection
	GlobalSection(ProjectConfigurationPlatforms) = postSolution
		{BEEE8254-2F13-4AB5-801C-A219A6DD7230}.Debug|Any CPU.ActiveCfg = Debug|Any CPU
		{BEEE8254-2F13-4AB5-801C-A219A6DD7230}.Debug|Any CPU.Build.0 = Debug|Any CPU
		{BEEE8254-2F13-4AB5-801C-A219A6DD7230}.Release|Any CPU.ActiveCfg = Release|Any CPU
		{BEEE8254-2F13-4AB5-801C-A219A6DD7230}.Release|Any CPU.Build.0 = Release|Any CPU
	EndGlobalSection
	GlobalSection(SolutionProperties) = preSolution
		HideSolutionNode = FALSE
	EndGlobalSection
	GlobalSection(ExtensibilityGlobals) = postSolution
		SolutionGuid = {AE715748-F69C-400C-829C-D69EA30AA53A}
	EndGlobalSection
EndGlobal
